
Microsoft Visual Studio Solution File, Format Version 12.00
# Visual Studio 2012
Project("{FAE04EC0-301F-11D3-BF4B-00C04F79EFBC}") = "Pablo", "Pablo\Pablo.csproj", "{84AC490C-5A4E-4E88-9E49-E4CE5BE788B7}"
EndProject
Project("{FAE04EC0-301F-11D3-BF4B-00C04F79EFBC}") = "Pablo.Test", "Pablo.Test\Pablo.Test.csproj", "{78C0CB72-5224-45E0-889E-07CBDA0E6FD3}"
EndProject
Global
	GlobalSection(SolutionConfigurationPlatforms) = preSolution
		Debug|Any CPU = Debug|Any CPU
		Release|Any CPU = Release|Any CPU
	EndGlobalSection
	GlobalSection(ProjectConfigurationPlatforms) = postSolution
		{78C0CB72-5224-45E0-889E-07CBDA0E6FD3}.Debug|Any CPU.ActiveCfg = Debug|Any CPU
		{78C0CB72-5224-45E0-889E-07CBDA0E6FD3}.Debug|Any CPU.Build.0 = Debug|Any CPU
		{78C0CB72-5224-45E0-889E-07CBDA0E6FD3}.Release|Any CPU.ActiveCfg = Release|Any CPU
		{78C0CB72-5224-45E0-889E-07CBDA0E6FD3}.Release|Any CPU.Build.0 = Release|Any CPU
		{84AC490C-5A4E-4E88-9E49-E4CE5BE788B7}.Debug|Any CPU.ActiveCfg = Debug|Any CPU
		{84AC490C-5A4E-4E88-9E49-E4CE5BE788B7}.Debug|Any CPU.Build.0 = Debug|Any CPU
		{84AC490C-5A4E-4E88-9E49-E4CE5BE788B7}.Release|Any CPU.ActiveCfg = Release|Any CPU
		{84AC490C-5A4E-4E88-9E49-E4CE5BE788B7}.Release|Any CPU.Build.0 = Release|Any CPU
	EndGlobalSection
EndGlobal
